
Microsoft Visual Studio Solution File, Format Version 12.00
# Visual Studio Version 17
VisualStudioVersion = 17.11.35327.3
MinimumVisualStudioVersion = 10.0.40219.1
Project("{FAE04EC0-301F-11D3-BF4B-00C04F79EFBC}") = "Aula_Teste", "Aula_Teste\Aula_Teste.csproj", "{28513EDB-AECD-4FFA-8189-ADEDA80DC69F}"
EndProject
Global
	GlobalSection(SolutionConfigurationPlatforms) = preSolution
		Debug|Any CPU = Debug|Any CPU
		Release|Any CPU = Release|Any CPU
	EndGlobalSection
	GlobalSection(ProjectConfigurationPlatforms) = postSolution
		{28513EDB-AECD-4FFA-8189-ADEDA80DC69F}.Debug|Any CPU.ActiveCfg = Debug|Any CPU
		{28513EDB-AECD-4FFA-8189-ADEDA80DC69F}.Debug|Any CPU.Build.0 = Debug|Any CPU
		{28513EDB-AECD-4FFA-8189-ADEDA80DC69F}.Release|Any CPU.ActiveCfg = Release|Any CPU
		{28513EDB-AECD-4FFA-8189-ADEDA80DC69F}.Release|Any CPU.Build.0 = Release|Any CPU
	EndGlobalSection
	GlobalSection(SolutionProperties) = preSolution
		HideSolutionNode = FALSE
	EndGlobalSection
	GlobalSection(ExtensibilityGlobals) = postSolution
		SolutionGuid = {97AE3986-2DFA-4512-BC83-8B381FF2A222}
	EndGlobalSection
EndGlobal
